
Microsoft Visual Studio Solution File, Format Version 12.00
# Visual Studio Version 16
VisualStudioVersion = 16.0.32510.428
MinimumVisualStudioVersion = 10.0.40219.1
Project("{FAE04EC0-301F-11D3-BF4B-00C04F79EFBC}") = "TW_Stock", "TW_Stock\TW_Stock.csproj", "{0FB2C9EE-AC77-44DE-BE37-5824643DABE8}"
EndProject
Global
	GlobalSection(SolutionConfigurationPlatforms) = preSolution
		Debug|Any CPU = Debug|Any CPU
		Release|Any CPU = Release|Any CPU
	EndGlobalSection
	GlobalSection(ProjectConfigurationPlatforms) = postSolution
		{0FB2C9EE-AC77-44DE-BE37-5824643DABE8}.Debug|Any CPU.ActiveCfg = Debug|Any CPU
		{0FB2C9EE-AC77-44DE-BE37-5824643DABE8}.Debug|Any CPU.Build.0 = Debug|Any CPU
		{0FB2C9EE-AC77-44DE-BE37-5824643DABE8}.Release|Any CPU.ActiveCfg = Release|Any CPU
		{0FB2C9EE-AC77-44DE-BE37-5824643DABE8}.Release|Any CPU.Build.0 = Release|Any CPU
	EndGlobalSection
	GlobalSection(SolutionProperties) = preSolution
		HideSolutionNode = FALSE
	EndGlobalSection
	GlobalSection(ExtensibilityGlobals) = postSolution
		SolutionGuid = {54F3D6A7-AE01-486D-A9D1-3E786F29C0F7}
	EndGlobalSection
EndGlobal
